// !$*UTF8*$!
{
	archiveVersion = 1;
	classes = {
	};
	objectVersion = 77;
	objects = {

/* Begin PBXContainerItemProxy section */
		8FEB8E3B2F41CCED00567E46 /* PBXContainerItemProxy */ = {
			isa = PBXContainerItemProxy;
			containerPortal = 8FEB8E252F41CCEB00567E46 /* Project object */;
			proxyType = 1;
			remoteGlobalIDString = 8FEB8E2C2F41CCEB00567E46;
			remoteInfo = ProjectThamnyh;
		};
		8FEB8E452F41CCED00567E46 /* PBXContainerItemProxy */ = {
			isa = PBXContainerItemProxy;
			containerPortal = 8FEB8E252F41CCEB00567E46 /* Project object */;
			proxyType = 1;
			remoteGlobalIDString = 8FEB8E2C2F41CCEB00567E46;
			remoteInfo = ProjectThamnyh;
		};
/* End PBXContainerItemProxy section */

/* Begin PBXFileReference section */
		8FEB8E2D2F41CCEB00567E46 /* ProjectThamnyh.app */ = {isa = PBXFileReference; explicitFileType = wrapper.application; includeInIndex = 0; path = ProjectThamnyh.app; sourceTree = BUILT_PRODUCTS_DIR; };
		8FEB8E3A2F41CCED00567E46 /* ProjectThamnyhTests.xctest */ = {isa = PBXFileReference; explicitFileType = wrapper.cfbundle; includeInIndex = 0; path = ProjectThamnyhTests.xctest; sourceTree = BUILT_PRODUCTS_DIR; };
		8FEB8E442F41CCED00567E46 /* ProjectThamnyhUITests.xctest */ = {isa = PBXFileReference; explicitFileType = wrapper.cfbundle; includeInIndex = 0; path = ProjectThamnyhUITests.xctest; sourceTree = BUILT_PRODUCTS_DIR; };
/* End PBXFileReference section */

/* Begin PBXFileSystemSynchronizedRootGroup section */
		8FEB8E2F2F41CCEB00567E46 /* ProjectThamnyh */ = {
			isa = PBXFileSystemSynchronizedRootGroup;
			path = ProjectThamnyh;
			sourceTree = "<group>";
		};
		8FEB8E3D2F41CCED00567E46 /* ProjectThamnyhTests */ = {
			isa = PBXFileSystemSynchronizedRootGroup;
			path = ProjectThamnyhTests;
			sourceTree = "<group>";
		};
		8FEB8E472F41CCED00567E46 /* ProjectThamnyhUITests */ = {
			isa = PBXFileSystemSynchronizedRootGroup;
			path = ProjectThamnyhUITests;
			sourceTree = "<group>";
		};
/* End PBXFileSystemSynchronizedRootGroup section */

/* Begin PBXFrameworksBuildPhase section */
		8FEB8E2A2F41CCEB00567E46 /* Frameworks */ = {
			isa = PBXFrameworksBuildPhase;
			buildActionMask = 2147483647;
			files = (
			);
			runOnlyForDeploymentPostprocessing = 0;
		};
		8FEB8E372F41CCED00567E46 /* Frameworks */ = {
			isa = PBXFrameworksBuildPhase;
			buildActionMask = 2147483647;
			files = (
			);
			runOnlyForDeploymentPostprocessing = 0;
		};
		8FEB8E412F41CCED00567E46 /* Frameworks */ = {
			isa = PBXFrameworksBuildPhase;
			buildActionMask = 2147483647;
			files = (
			);
			runOnlyForDeploymentPostprocessing = 0;
		};
/* End PBXFrameworksBuildPhase section */

/* Begin PBXGroup section */
		8FEB8E242F41CCEB00567E46 = {
			isa = PBXGroup;
			children = (
				8FEB8E2F2F41CCEB00567E46 /* ProjectThamnyh */,
				8FEB8E3D2F41CCED00567E46 /* ProjectThamnyhTests */,
				8FEB8E472F41CCED00567E46 /* ProjectThamnyhUITests */,
				8FEB8E2E2F41CCEB00567E46 /* Products */,
			);
			sourceTree = "<group>";
		};
		8FEB8E2E2F41CCEB00567E46 /* Products */ = {
			isa = PBXGroup;
			children = (
				8FEB8E2D2F41CCEB00567E46 /* ProjectThamnyh.app */,
				8FEB8E3A2F41CCED00567E46 /* ProjectThamnyhTests.xctest */,
				8FEB8E442F41CCED00567E46 /* ProjectThamnyhUITests.xctest */,
			);
			name = Products;
			sourceTree = "<group>";
		};
/* End PBXGroup section */

/* Begin PBXNativeTarget section */
		8FEB8E2C2F41CCEB00567E46 /* ProjectThamnyh */ = {
			isa = PBXNativeTarget;
			buildConfigurationList = 8FEB8E4E2F41CCED00567E46 /* Build configuration list for PBXNativeTarget "ProjectThamnyh" */;
			buildPhases = (
				8FEB8E292F41CCEB00567E46 /* Sources */,
				8FEB8E2A2F41CCEB00567E46 /* Frameworks */,
				8FEB8E2B2F41CCEB00567E46 /* Resources */,
			);
			buildRules = (
			);
			dependencies = (
			);
			fileSystemSynchronizedGroups = (
				8FEB8E2F2F41CCEB00567E46 /* ProjectThamnyh */,
			);
			name = ProjectThamnyh;
			packageProductDependencies = (
			);
			productName = ProjectThamnyh;
			productReference = 8FEB8E2D2F41CCEB00567E46 /* ProjectThamnyh.app */;
			productType = "com.apple.product-type.application";
		};
		8FEB8E392F41CCED00567E46 /* ProjectThamnyhTests */ = {
			isa = PBXNativeTarget;
			buildConfigurationList = 8FEB8E512F41CCED00567E46 /* Build configuration list for PBXNativeTarget "ProjectThamnyhTests" */;
			buildPhases = (
				8FEB8E362F41CCED00567E46 /* Sources */,
				8FEB8E372F41CCED00567E46 /* Frameworks */,
				8FEB8E382F41CCED00567E46 /* Resources */,
			);
			buildRules = (
			);
			dependencies = (
				8FEB8E3C2F41CCED00567E46 /* PBXTargetDependency */,
			);
			fileSystemSynchronizedGroups = (
				8FEB8E3D2F41CCED00567E46 /* ProjectThamnyhTests */,
			);
			name = ProjectThamnyhTests;
			packageProductDependencies = (
			);
			productName = ProjectThamnyhTests;
			productReference = 8FEB8E3A2F41CCED00567E46 /* ProjectThamnyhTests.xctest */;
			productType = "com.apple.product-type.bundle.unit-test";
		};
		8FEB8E432F41CCED00567E46 /* ProjectThamnyhUITests */ = {
			isa = PBXNativeTarget;
			buildConfigurationList = 8FEB8E542F41CCED00567E46 /* Build configuration list for PBXNativeTarget "ProjectThamnyhUITests" */;
			buildPhases = (
				8FEB8E402F41CCED00567E46 /* Sources */,
				8FEB8E412F41CCED00567E46 /* Frameworks */,
				8FEB8E422F41CCED00567E46 /* Resources */,
			);
			buildRules = (
			);
			dependencies = (
				8FEB8E462F41CCED00567E46 /* PBXTargetDependency */,
			);
			fileSystemSynchronizedGroups = (
				8FEB8E472F41CCED00567E46 /* ProjectThamnyhUITests */,
			);
			name = ProjectThamnyhUITests;
			packageProductDependencies = (
			);
			productName = ProjectThamnyhUITests;
			productReference = 8FEB8E442F41CCED00567E46 /* ProjectThamnyhUITests.xctest */;
			productType = "com.apple.product-type.bundle.ui-testing";
		};
/* End PBXNativeTarget section */

/* Begin PBXProject section */
		8FEB8E252F41CCEB00567E46 /* Project object */ = {
			isa = PBXProject;
			attributes = {
				BuildIndependentTargetsInParallel = 1;
				LastSwiftUpdateCheck = 1640;
				LastUpgradeCheck = 1640;
				TargetAttributes = {
					8FEB8E2C2F41CCEB00567E46 = {
						CreatedOnToolsVersion = 16.4;
					};
					8FEB8E392F41CCED00567E46 = {
						CreatedOnToolsVersion = 16.4;
						TestTargetID = 8FEB8E2C2F41CCEB00567E46;
					};
					8FEB8E432F41CCED00567E46 = {
						CreatedOnToolsVersion = 16.4;
						TestTargetID = 8FEB8E2C2F41CCEB00567E46;
					};
				};
			};
			buildConfigurationList = 8FEB8E282F41CCEB00567E46 /* Build configuration list for PBXProject "ProjectThamnyh" */;
			developmentRegion = en;
			hasScannedForEncodings = 0;
			knownRegions = (
				en,
				Base,
			);
			mainGroup = 8FEB8E242F41CCEB00567E46;
			minimizedProjectReferenceProxies = 1;
			preferredProjectObjectVersion = 77;
			productRefGroup = 8FEB8E2E2F41CCEB00567E46 /* Products */;
			projectDirPath = "";
			projectRoot = "";
			targets = (
				8FEB8E2C2F41CCEB00567E46 /* ProjectThamnyh */,
				8FEB8E392F41CCED00567E46 /* ProjectThamnyhTests */,
				8FEB8E432F41CCED00567E46 /* ProjectThamnyhUITests */,
			);
		};
/* End PBXProject section */

/* Begin PBXResourcesBuildPhase section */
		8FEB8E2B2F41CCEB00567E46 /* Resources */ = {
			isa = PBXResourcesBuildPhase;
			buildActionMask = 2147483647;
			files = (
			);
			runOnlyForDeploymentPostprocessing = 0;
		};
		8FEB8E382F41CCED00567E46 /* Resources */ = {
			isa = PBXResourcesBuildPhase;
			buildActionMask = 2147483647;
			files = (
			);
			runOnlyForDeploymentPostprocessing = 0;
		};
		8FEB8E422F41CCED00567E46 /* Resources */ = {
			isa = PBXResourcesBuildPhase;
			buildActionMask = 2147483647;
			files = (
			);
			runOnlyForDeploymentPostprocessing = 0;
		};
/* End PBXResourcesBuildPhase section */

/* Begin PBXSourcesBuildPhase section */
		8FEB8E292F41CCEB00567E46 /* Sources */ = {
			isa = PBXSourcesBuildPhase;
			buildActionMask = 2147483647;
			files = (
			);
			runOnlyForDeploymentPostprocessing = 0;
		};
		8FEB8E362F41CCED00567E46 /* Sources */ = {
			isa = PBXSourcesBuildPhase;
			buildActionMask = 2147483647;
			files = (
			);
			runOnlyForDeploymentPostprocessing = 0;
		};
		8FEB8E402F41CCED00567E46 /* Sources */ = {
			isa = PBXSourcesBuildPhase;
			buildActionMask = 2147483647;
			files = (
			);
			runOnlyForDeploymentPostprocessing = 0;
		};
/* End PBXSourcesBuildPhase section */

/* Begin PBXTargetDependency section */
		8FEB8E3C2F41CCED00567E46 /* PBXTargetDependency */ = {
			isa = PBXTargetDependency;
			target = 8FEB8E2C2F41CCEB00567E46 /* ProjectThamnyh */;
			targetProxy = 8FEB8E3B2F41CCED00567E46 /* PBXContainerItemProxy */;
		};
		8FEB8E462F41CCED00567E46 /* PBXTargetDependency */ = {
			isa = PBXTargetDependency;
			target = 8FEB8E2C2F41CCEB00567E46 /* ProjectThamnyh */;
			targetProxy = 8FEB8E452F41CCED00567E46 /* PBXContainerItemProxy */;
		};
/* End PBXTargetDependency section */

/* Begin XCBuildConfiguration section */
		8FEB8E4C2F41CCED00567E46 /* Debug */ = {
			isa = XCBuildConfiguration;
			buildSettings = {
				ALWAYS_SEARCH_USER_PATHS = NO;
				ASSETCATALOG_COMPILER_GENERATE_SWIFT_ASSET_SYMBOL_EXTENSIONS = YES;
				CLANG_ANALYZER_NONNULL = YES;
				CLANG_ANALYZER_NUMBER_OBJECT_CONVERSION = YES_AGGRESSIVE;
				CLANG_CXX_LANGUAGE_STANDARD = "gnu++20";
				CLANG_ENABLE_MODULES = YES;
				CLANG_ENABLE_OBJC_ARC = YES;
				CLANG_ENABLE_OBJC_WEAK = YES;
				CLANG_WARN_BLOCK_CAPTURE_AUTORELEASING = YES;
				CLANG_WARN_BOOL_CONVERSION = YES;
				CLANG_WARN_COMMA = YES;
				CLANG_WARN_CONSTANT_CONVERSION = YES;
				CLANG_WARN_DEPRECATED_OBJC_IMPLEMENTATIONS = YES;
				CLANG_WARN_DIRECT_OBJC_ISA_USAGE = YES_ERROR;
				CLANG_WARN_DOCUMENTATION_COMMENTS = YES;
				CLANG_WARN_EMPTY_BODY = YES;
				CLANG_WARN_ENUM_CONVERSION = YES;
				CLANG_WARN_INFINITE_RECURSION = YES;
				CLANG_WARN_INT_CONVERSION = YES;
				CLANG_WARN_NON_LITERAL_NULL_CONVERSION = YES;
				CLANG_WARN_OBJC_IMPLICIT_RETAIN_SELF = YES;
				CLANG_WARN_OBJC_LITERAL_CONVERSION = YES;
				CLANG_WARN_OBJC_ROOT_CLASS = YES_ERROR;
				CLANG_WARN_QUOTED_INCLUDE_IN_FRAMEWORK_HEADER = YES;
				CLANG_WARN_RANGE_LOOP_ANALYSIS = YES;
				CLANG_WARN_STRICT_PROTOTYPES = YES;
				CLANG_WARN_SUSPICIOUS_MOVE = YES;
				CLANG_WARN_UNGUARDED_AVAILABILITY = YES_AGGRESSIVE;
				CLANG_WARN_UNREACHABLE_CODE = YES;
				CLANG_WARN__DUPLICATE_METHOD_MATCH = YES;
				COPY_PHASE_STRIP = NO;
				DEBUG_INFORMATION_FORMAT = dwarf;
				DEVELOPMENT_TEAM = 5ZJQHX9XTB;
				ENABLE_STRICT_OBJC_MSGSEND = YES;
				ENABLE_TESTABILITY = YES;
				ENABLE_USER_SCRIPT_SANDBOXING = YES;
				GCC_C_LANGUAGE_STANDARD = gnu17;
				GCC_DYNAMIC_NO_PIC = NO;
				GCC_NO_COMMON_BLOCKS = YES;
				GCC_OPTIMIZATION_LEVEL = 0;
				GCC_PREPROCESSOR_DEFINITIONS = (
					"DEBUG=1",
					"$(inherited)",
				);
				GCC_WARN_64_TO_32_BIT_CONVERSION = YES;
				GCC_WARN_ABOUT_RETURN_TYPE = YES_ERROR;
				GCC_WARN_UNDECLARED_SELECTOR = YES;
				GCC_WARN_UNINITIALIZED_AUTOS = YES_AGGRESSIVE;
				GCC_WARN_UNUSED_FUNCTION = YES;
				GCC_WARN_UNUSED_VARIABLE = YES;
				IPHONEOS_DEPLOYMENT_TARGET = 18.5;
				LOCALIZATION_PREFERS_STRING_CATALOGS = YES;
				MTL_ENABLE_DEBUG_INFO = INCLUDE_SOURCE;
				MTL_FAST_MATH = YES;
				ONLY_ACTIVE_ARCH = YES;
				SDKROOT = iphoneos;
				SWIFT_ACTIVE_COMPILATION_CONDITIONS = "DEBUG $(inherited)";
				SWIFT_OPTIMIZATION_LEVEL = "-Onone";
			};
			name = Debug;
		};
		8FEB8E4D2F41CCED00567E46 /* Release */ = {
			isa = XCBuildConfiguration;
			buildSettings = {
				ALWAYS_SEARCH_USER_PATHS = NO;
				ASSETCATALOG_COMPILER_GENERATE_SWIFT_ASSET_SYMBOL_EXTENSIONS = YES;
				CLANG_ANALYZER_NONNULL = YES;
				CLANG_ANALYZER_NUMBER_OBJECT_CONVERSION = YES_AGGRESSIVE;
				CLANG_CXX_LANGUAGE_STANDARD = "gnu++20";
				CLANG_ENABLE_MODULES = YES;
				CLANG_ENABLE_OBJC_ARC = YES;
				CLANG_ENABLE_OBJC_WEAK = YES;
				CLANG_WARN_BLOCK_CAPTURE_AUTORELEASING = YES;
				CLANG_WARN_BOOL_CONVERSION = YES;
				CLANG_WARN_COMMA = YES;
				CLANG_WARN_CONSTANT_CONVERSION = YES;
				CLANG_WARN_DEPRECATED_OBJC_IMPLEMENTATIONS = YES;
				CLANG_WARN_DIRECT_OBJC_ISA_USAGE = YES_ERROR;
				CLANG_WARN_DOCUMENTATION_COMMENTS = YES;
				CLANG_WARN_EMPTY_BODY = YES;
				CLANG_WARN_ENUM_CONVERSION = YES;
				CLANG_WARN_INFINITE_RECURSION = YES;
				CLANG_WARN_INT_CONVERSION = YES;
				CLANG_WARN_NON_LITERAL_NULL_CONVERSION = YES;
				CLANG_WARN_OBJC_IMPLICIT_RETAIN_SELF = YES;
				CLANG_WARN_OBJC_LITERAL_CONVERSION = YES;
				CLANG_WARN_OBJC_ROOT_CLASS = YES_ERROR;
				CLANG_WARN_QUOTED_INCLUDE_IN_FRAMEWORK_HEADER = YES;
				CLANG_WARN_RANGE_LOOP_ANALYSIS = YES;
				CLANG_WARN_STRICT_PROTOTYPES = YES;
				CLANG_WARN_SUSPICIOUS_MOVE = YES;
				CLANG_WARN_UNGUARDED_AVAILABILITY = YES_AGGRESSIVE;
				CLANG_WARN_UNREACHABLE_CODE = YES;
				CLANG_WARN__DUPLICATE_METHOD_MATCH = YES;
				COPY_PHASE_STRIP = NO;
				DEBUG_INFORMATION_FORMAT = "dwarf-with-dsym";
				DEVELOPMENT_TEAM = 5ZJQHX9XTB;
				ENABLE_NS_ASSERTIONS = NO;
				ENABLE_STRICT_OBJC_MSGSEND = YES;
				ENABLE_USER_SCRIPT_SANDBOXING = YES;
				GCC_C_LANGUAGE_STANDARD = gnu17;
				GCC_NO_COMMON_BLOCKS = YES;
				GCC_WARN_64_TO_32_BIT_CONVERSION = YES;
				GCC_WARN_ABOUT_RETURN_TYPE = YES_ERROR;
				GCC_WARN_UNDECLARED_SELECTOR = YES;
				GCC_WARN_UNINITIALIZED_AUTOS = YES_AGGRESSIVE;
				GCC_WARN_UNUSED_FUNCTION = YES;
				GCC_WARN_UNUSED_VARIABLE = YES;
				IPHONEOS_DEPLOYMENT_TARGET = 18.5;
				LOCALIZATION_PREFERS_STRING_CATALOGS = YES;
				MTL_ENABLE_DEBUG_INFO = NO;
				MTL_FAST_MATH = YES;
				SDKROOT = iphoneos;
				SWIFT_COMPILATION_MODE = wholemodule;
				VALIDATE_PRODUCT = YES;
			};
			name = Release;
		};
		8FEB8E4F2F41CCED00567E46 /* Debug */ = {
			isa = XCBuildConfiguration;
			buildSettings = {
				ASSETCATALOG_COMPILER_APPICON_NAME = AppIcon;
				ASSETCATALOG_COMPILER_GLOBAL_ACCENT_COLOR_NAME = AccentColor;
				CODE_SIGN_STYLE = Automatic;
				CURRENT_PROJECT_VERSION = 1;
				DEVELOPMENT_TEAM = 5ZJQHX9XTB;
				ENABLE_PREVIEWS = YES;
				GENERATE_INFOPLIST_FILE = YES;
				INFOPLIST_KEY_UIApplicationSceneManifest_Generation = YES;
				INFOPLIST_KEY_UIApplicationSupportsIndirectInputEvents = YES;
				INFOPLIST_KEY_UILaunchScreen_Generation = YES;
				INFOPLIST_KEY_UISupportedInterfaceOrientations_iPad = "UIInterfaceOrientationPortrait UIInterfaceOrientationPortraitUpsideDown UIInterfaceOrientationLandscapeLeft UIInterfaceOrientationLandscapeRight";
				INFOPLIST_KEY_UISupportedInterfaceOrientations_iPhone = "UIInterfaceOrientationPortrait UIInterfaceOrientationLandscapeLeft UIInterfaceOrientationLandscapeRight";
				LD_RUNPATH_SEARCH_PATHS = (
					"$(inherited)",
					"@executable_path/Frameworks",
				);
				MARKETING_VERSION = 1.0;
				PRODUCT_BUNDLE_IDENTIFIER = aa.ProjectThamnyh;
				PRODUCT_NAME = "$(TARGET_NAME)";
				SWIFT_EMIT_LOC_STRINGS = YES;
				SWIFT_VERSION = 5.0;
				TARGETED_DEVICE_FAMILY = "1,2";
			};
			name = Debug;
		};
		8FEB8E502F41CCED00567E46 /* Release */ = {
			isa = XCBuildConfiguration;
			buildSettings = {
				ASSETCATALOG_COMPILER_APPICON_NAME = AppIcon;
				ASSETCATALOG_COMPILER_GLOBAL_ACCENT_COLOR_NAME = AccentColor;
				CODE_SIGN_STYLE = Automatic;
				CURRENT_PROJECT_VERSION = 1;
				DEVELOPMENT_TEAM = 5ZJQHX9XTB;
				ENABLE_PREVIEWS = YES;
				GENERATE_INFOPLIST_FILE = YES;
				INFOPLIST_KEY_UIApplicationSceneManifest_Generation = YES;
				INFOPLIST_KEY_UIApplicationSupportsIndirectInputEvents = YES;
				INFOPLIST_KEY_UILaunchScreen_Generation = YES;
				INFOPLIST_KEY_UISupportedInterfaceOrientations_iPad = "UIInterfaceOrientationPortrait UIInterfaceOrientationPortraitUpsideDown UIInterfaceOrientationLandscapeLeft UIInterfaceOrientationLandscapeRight";
				INFOPLIST_KEY_UISupportedInterfaceOrientations_iPhone = "UIInterfaceOrientationPortrait UIInterfaceOrientationLandscapeLeft UIInterfaceOrientationLandscapeRight";
				LD_RUNPATH_SEARCH_PATHS = (
					"$(inherited)",
					"@executable_path/Frameworks",
				);
				MARKETING_VERSION = 1.0;
				PRODUCT_BUNDLE_IDENTIFIER = aa.ProjectThamnyh;
				PRODUCT_NAME = "$(TARGET_NAME)";
				SWIFT_EMIT_LOC_STRINGS = YES;
				SWIFT_VERSION = 5.0;
				TARGETED_DEVICE_FAMILY = "1,2";
			};
			name = Release;
		};
		8FEB8E522F41CCED00567E46 /* Debug */ = {
			isa = XCBuildConfiguration;
			buildSettings = {
				BUNDLE_LOADER = "$(TEST_HOST)";
				CODE_SIGN_STYLE = Automatic;
				CURRENT_PROJECT_VERSION = 1;
				DEVELOPMENT_TEAM = 5ZJQHX9XTB;
				GENERATE_INFOPLIST_FILE = YES;
				IPHONEOS_DEPLOYMENT_TARGET = 18.5;
				MARKETING_VERSION = 1.0;
				PRODUCT_BUNDLE_IDENTIFIER = aa.ProjectThamnyhTests;
				PRODUCT_NAME = "$(TARGET_NAME)";
				SWIFT_EMIT_LOC_STRINGS = NO;
				SWIFT_VERSION = 5.0;
				TARGETED_DEVICE_FAMILY = "1,2";
				TEST_HOST = "$(BUILT_PRODUCTS_DIR)/ProjectThamnyh.app/$(BUNDLE_EXECUTABLE_FOLDER_PATH)/ProjectThamnyh";
			};
			name = Debug;
		};
		8FEB8E532F41CCED00567E46 /* Release */ = {
			isa = XCBuildConfiguration;
			buildSettings = {
				BUNDLE_LOADER = "$(TEST_HOST)";
				CODE_SIGN_STYLE = Automatic;
				CURRENT_PROJECT_VERSION = 1;
				DEVELOPMENT_TEAM = 5ZJQHX9XTB;
				GENERATE_INFOPLIST_FILE = YES;
				IPHONEOS_DEPLOYMENT_TARGET = 18.5;
				MARKETING_VERSION = 1.0;
				PRODUCT_BUNDLE_IDENTIFIER = aa.ProjectThamnyhTests;
				PRODUCT_NAME = "$(TARGET_NAME)";
				SWIFT_EMIT_LOC_STRINGS = NO;
				SWIFT_VERSION = 5.0;
				TARGETED_DEVICE_FAMILY = "1,2";
				TEST_HOST = "$(BUILT_PRODUCTS_DIR)/ProjectThamnyh.app/$(BUNDLE_EXECUTABLE_FOLDER_PATH)/ProjectThamnyh";
			};
			name = Release;
		};
		8FEB8E552F41CCED00567E46 /* Debug */ = {
			isa = XCBuildConfiguration;
			buildSettings = {
				CODE_SIGN_STYLE = Automatic;
				CURRENT_PROJECT_VERSION = 1;
				DEVELOPMENT_TEAM = 5ZJQHX9XTB;
				GENERATE_INFOPLIST_FILE = YES;
				MARKETING_VERSION = 1.0;
				PRODUCT_BUNDLE_IDENTIFIER = aa.ProjectThamnyhUITests;
				PRODUCT_NAME = "$(TARGET_NAME)";
				SWIFT_EMIT_LOC_STRINGS = NO;
				SWIFT_VERSION = 5.0;
				TARGETED_DEVICE_FAMILY = "1,2";
				TEST_TARGET_NAME = ProjectThamnyh;
			};
			name = Debug;
		};
		8FEB8E562F41CCED00567E46 /* Release */ = {
			isa = XCBuildConfiguration;
			buildSettings = {
				CODE_SIGN_STYLE = Automatic;
				CURRENT_PROJECT_VERSION = 1;
				DEVELOPMENT_TEAM = 5ZJQHX9XTB;
				GENERATE_INFOPLIST_FILE = YES;
				MARKETING_VERSION = 1.0;
				PRODUCT_BUNDLE_IDENTIFIER = aa.ProjectThamnyhUITests;
				PRODUCT_NAME = "$(TARGET_NAME)";
				SWIFT_EMIT_LOC_STRINGS = NO;
				SWIFT_VERSION = 5.0;
				TARGETED_DEVICE_FAMILY = "1,2";
				TEST_TARGET_NAME = ProjectThamnyh;
			};
			name = Release;
		};
/* End XCBuildConfiguration section */

/* Begin XCConfigurationList section */
		8FEB8E282F41CCEB00567E46 /* Build configuration list for PBXProject "ProjectThamnyh" */ = {
			isa = XCConfigurationList;
			buildConfigurations = (
				8FEB8E4C2F41CCED00567E46 /* Debug */,
				8FEB8E4D2F41CCED00567E46 /* Release */,
			);
			defaultConfigurationIsVisible = 0;
			defaultConfigurationName = Release;
		};
		8FEB8E4E2F41CCED00567E46 /* Build configuration list for PBXNativeTarget "ProjectThamnyh" */ = {
			isa = XCConfigurationList;
			buildConfigurations = (
				8FEB8E4F2F41CCED00567E46 /* Debug */,
				8FEB8E502F41CCED00567E46 /* Release */,
			);
			defaultConfigurationIsVisible = 0;
			defaultConfigurationName = Release;
		};
		8FEB8E512F41CCED00567E46 /* Build configuration list for PBXNativeTarget "ProjectThamnyhTests" */ = {
			isa = XCConfigurationList;
			buildConfigurations = (
				8FEB8E522F41CCED00567E46 /* Debug */,
				8FEB8E532F41CCED00567E46 /* Release */,
			);
			defaultConfigurationIsVisible = 0;
			defaultConfigurationName = Release;
		};
		8FEB8E542F41CCED00567E46 /* Build configuration list for PBXNativeTarget "ProjectThamnyhUITests" */ = {
			isa = XCConfigurationList;
			buildConfigurations = (
				8FEB8E552F41CCED00567E46 /* Debug */,
				8FEB8E562F41CCED00567E46 /* Release */,
			);
			defaultConfigurationIsVisible = 0;
			defaultConfigurationName = Release;
		};
/* End XCConfigurationList section */
	};
	rootObject = 8FEB8E252F41CCEB00567E46 /* Project object */;
}
